
Microsoft Visual Studio Solution File, Format Version 12.00
# Visual Studio Version 17
VisualStudioVersion = 17.6.33829.357
MinimumVisualStudioVersion = 10.0.40219.1
Project("{9A19103F-16F7-4668-BE54-9A1E7A4F7556}") = "IFFarma.Domain", "IFFarma.Domain\IFFarma.Domain.csproj", "{BFE63994-41B3-406A-BC06-9640C592D8FD}"
EndProject
Project("{FAE04EC0-301F-11D3-BF4B-00C04F79EFBC}") = "IFSPFarmacia.App", "IFSPFarmacia.App\IFSPFarmacia.App.csproj", "{DC7F87A5-A17C-46B5-BD58-1E540D5EB6D7}"
EndProject
Global
	GlobalSection(SolutionConfigurationPlatforms) = preSolution
		Debug|Any CPU = Debug|Any CPU
		Release|Any CPU = Release|Any CPU
	EndGlobalSection
	GlobalSection(ProjectConfigurationPlatforms) = postSolution
		{BFE63994-41B3-406A-BC06-9640C592D8FD}.Debug|Any CPU.ActiveCfg = Debug|Any CPU
		{BFE63994-41B3-406A-BC06-9640C592D8FD}.Debug|Any CPU.Build.0 = Debug|Any CPU
		{BFE63994-41B3-406A-BC06-9640C592D8FD}.Release|Any CPU.ActiveCfg = Release|Any CPU
		{BFE63994-41B3-406A-BC06-9640C592D8FD}.Release|Any CPU.Build.0 = Release|Any CPU
		{DC7F87A5-A17C-46B5-BD58-1E540D5EB6D7}.Debug|Any CPU.ActiveCfg = Debug|Any CPU
		{DC7F87A5-A17C-46B5-BD58-1E540D5EB6D7}.Debug|Any CPU.Build.0 = Debug|Any CPU
		{DC7F87A5-A17C-46B5-BD58-1E540D5EB6D7}.Release|Any CPU.ActiveCfg = Release|Any CPU
		{DC7F87A5-A17C-46B5-BD58-1E540D5EB6D7}.Release|Any CPU.Build.0 = Release|Any CPU
	EndGlobalSection
	GlobalSection(SolutionProperties) = preSolution
		HideSolutionNode = FALSE
	EndGlobalSection
	GlobalSection(ExtensibilityGlobals) = postSolution
		SolutionGuid = {98426750-ED48-4038-90E5-593A3FF9AD88}
	EndGlobalSection
EndGlobal
